
Microsoft Visual Studio Solution File, Format Version 12.00
# Visual Studio Version 16
VisualStudioVersion = 16.0.29806.167
MinimumVisualStudioVersion = 10.0.40219.1
Project("{8BC9CEB8-8B4A-11D0-8D11-00A0C91BC942}") = "GPU_RayTracer", "GPU_RayTracer.vcxproj", "{395924CB-6065-450D-90EE-87FC7FF218C7}"
EndProject
Global
	GlobalSection(SolutionConfigurationPlatforms) = preSolution
		Debug|x64 = Debug|x64
		Debug|x86 = Debug|x86
		Release|x64 = Release|x64
		Release|x86 = Release|x86
	EndGlobalSection
	GlobalSection(ProjectConfigurationPlatforms) = postSolution
		{395924CB-6065-450D-90EE-87FC7FF218C7}.Debug|x64.ActiveCfg = Debug|x64
		{395924CB-6065-450D-90EE-87FC7FF218C7}.Debug|x64.Build.0 = Debug|x64
		{395924CB-6065-450D-90EE-87FC7FF218C7}.Debug|x86.ActiveCfg = Debug|Win32
		{395924CB-6065-450D-90EE-87FC7FF218C7}.Debug|x86.Build.0 = Debug|Win32
		{395924CB-6065-450D-90EE-87FC7FF218C7}.Release|x64.ActiveCfg = Release|x64
		{395924CB-6065-450D-90EE-87FC7FF218C7}.Release|x64.Build.0 = Release|x64
		{395924CB-6065-450D-90EE-87FC7FF218C7}.Release|x86.ActiveCfg = Release|Win32
		{395924CB-6065-450D-90EE-87FC7FF218C7}.Release|x86.Build.0 = Release|Win32
	EndGlobalSection
	GlobalSection(SolutionProperties) = preSolution
		HideSolutionNode = FALSE
	EndGlobalSection
	GlobalSection(ExtensibilityGlobals) = postSolution
		SolutionGuid = {77E650B6-4D0F-4B83-86CC-A4543D14FFE1}
	EndGlobalSection
EndGlobal
